// !$*UTF8*$!
{
	archiveVersion = 1;
	classes = {
	};
	objectVersion = 50;
	objects = {

/* Begin PBXBuildFile section */
		D47165FA3B1B00C07F0B1025 /* Pods_VideoTrainingDemo.framework in Frameworks */ = {isa = PBXBuildFile; fileRef = 5E6B8B61F5DCE1B45B153085 /* Pods_VideoTrainingDemo.framework */; };
		EA37DC252211D7FE000B0974 /* 3.jpg in Resources */ = {isa = PBXBuildFile; fileRef = EA37DC1E2211D7FE000B0974 /* 3.jpg */; };
		EA37DC262211D7FE000B0974 /* 7.jpg in Resources */ = {isa = PBXBuildFile; fileRef = EA37DC1F2211D7FE000B0974 /* 7.jpg */; };
		EA37DC272211D7FE000B0974 /* 2.jpg in Resources */ = {isa = PBXBuildFile; fileRef = EA37DC202211D7FE000B0974 /* 2.jpg */; };
		EA37DC282211D7FE000B0974 /* 6.jpg in Resources */ = {isa = PBXBuildFile; fileRef = EA37DC212211D7FE000B0974 /* 6.jpg */; };
		EA37DC292211D7FE000B0974 /* 1.jpg in Resources */ = {isa = PBXBuildFile; fileRef = EA37DC222211D7FE000B0974 /* 1.jpg */; };
		EA37DC2A2211D7FE000B0974 /* 4.jpg in Resources */ = {isa = PBXBuildFile; fileRef = EA37DC232211D7FE000B0974 /* 4.jpg */; };
		EA37DC2B2211D7FE000B0974 /* 5.jpg in Resources */ = {isa = PBXBuildFile; fileRef = EA37DC242211D7FE000B0974 /* 5.jpg */; };
		EA37DC2F2211F27E000B0974 /* VideoCollectionViewCell.swift in Sources */ = {isa = PBXBuildFile; fileRef = EA37DC2E2211F27D000B0974 /* VideoCollectionViewCell.swift */; };
		EA4DAE0F22211BE200F88CF4 /* heart.png in Resources */ = {isa = PBXBuildFile; fileRef = EA4DAE0E22211BE200F88CF4 /* heart.png */; };
		EA4DAE11222125B500F88CF4 /* SearchVC.swift in Sources */ = {isa = PBXBuildFile; fileRef = EA4DAE10222125B500F88CF4 /* SearchVC.swift */; };
		EA4DAE13222131C700F88CF4 /* HistoryVC.swift in Sources */ = {isa = PBXBuildFile; fileRef = EA4DAE12222131C700F88CF4 /* HistoryVC.swift */; };
		EA53004422131EF50076AC2B /* MenuTableViewController.swift in Sources */ = {isa = PBXBuildFile; fileRef = EA53004322131EF50076AC2B /* MenuTableViewController.swift */; };
		EA547D3C2222D600006988AD /* thumbup.png in Resources */ = {isa = PBXBuildFile; fileRef = EA547D3B2222D600006988AD /* thumbup.png */; };
		EA547D3E2222D782006988AD /* DownloadedVC.swift in Sources */ = {isa = PBXBuildFile; fileRef = EA547D3D2222D782006988AD /* DownloadedVC.swift */; };
		EA547D432222DF6F006988AD /* download.png in Resources */ = {isa = PBXBuildFile; fileRef = EA547D422222DF6F006988AD /* download.png */; };
		EA700EED221B0775009844AE /* BaseVC.swift in Sources */ = {isa = PBXBuildFile; fileRef = EA700EEC221B0775009844AE /* BaseVC.swift */; };
		EA700EEF221B078C009844AE /* LoginVC.swift in Sources */ = {isa = PBXBuildFile; fileRef = EA700EEE221B078C009844AE /* LoginVC.swift */; };
		EA700EF1221B1DA6009844AE /* MySideMenuNC.swift in Sources */ = {isa = PBXBuildFile; fileRef = EA700EF0221B1DA6009844AE /* MySideMenuNC.swift */; };
		EA9B77AE220FFC04005BF3BD /* AppDelegate.swift in Sources */ = {isa = PBXBuildFile; fileRef = EA9B77AD220FFC04005BF3BD /* AppDelegate.swift */; };
		EA9B77B0220FFC04005BF3BD /* MainVC.swift in Sources */ = {isa = PBXBuildFile; fileRef = EA9B77AF220FFC04005BF3BD /* MainVC.swift */; };
		EA9B77B3220FFC04005BF3BD /* Main.storyboard in Resources */ = {isa = PBXBuildFile; fileRef = EA9B77B1220FFC04005BF3BD /* Main.storyboard */; };
		EA9B77B6220FFC04005BF3BD /* VideoTrainingDemo.xcdatamodeld in Sources */ = {isa = PBXBuildFile; fileRef = EA9B77B4220FFC04005BF3BD /* VideoTrainingDemo.xcdatamodeld */; };
		EA9B77B8220FFC05005BF3BD /* Assets.xcassets in Resources */ = {isa = PBXBuildFile; fileRef = EA9B77B7220FFC05005BF3BD /* Assets.xcassets */; };
		EA9B77BB220FFC05005BF3BD /* LaunchScreen.storyboard in Resources */ = {isa = PBXBuildFile; fileRef = EA9B77B9220FFC05005BF3BD /* LaunchScreen.storyboard */; };
		EA9B77E422108E5F005BF3BD /* play.png in Resources */ = {isa = PBXBuildFile; fileRef = EA9B77E322108E5F005BF3BD /* play.png */; };
		EA9B77E622109968005BF3BD /* VideoVC.swift in Sources */ = {isa = PBXBuildFile; fileRef = EA9B77E522109968005BF3BD /* VideoVC.swift */; };
/* End PBXBuildFile section */

/* Begin PBXFileReference section */
		23FD509389578AB7B6FF39DF /* Pods-VideoTrainingDemo.release.xcconfig */ = {isa = PBXFileReference; includeInIndex = 1; lastKnownFileType = text.xcconfig; name = "Pods-VideoTrainingDemo.release.xcconfig"; path = "Target Support Files/Pods-VideoTrainingDemo/Pods-VideoTrainingDemo.release.xcconfig"; sourceTree = "<group>"; };
		5E6B8B61F5DCE1B45B153085 /* Pods_VideoTrainingDemo.framework */ = {isa = PBXFileReference; explicitFileType = wrapper.framework; includeInIndex = 0; path = Pods_VideoTrainingDemo.framework; sourceTree = BUILT_PRODUCTS_DIR; };
		A78265183990A21307C14FB7 /* Pods-VideoTrainingDemo.debug.xcconfig */ = {isa = PBXFileReference; includeInIndex = 1; lastKnownFileType = text.xcconfig; name = "Pods-VideoTrainingDemo.debug.xcconfig"; path = "Target Support Files/Pods-VideoTrainingDemo/Pods-VideoTrainingDemo.debug.xcconfig"; sourceTree = "<group>"; };
		EA37DC1E2211D7FE000B0974 /* 3.jpg */ = {isa = PBXFileReference; lastKnownFileType = image.jpeg; path = 3.jpg; sourceTree = "<group>"; };
		EA37DC1F2211D7FE000B0974 /* 7.jpg */ = {isa = PBXFileReference; lastKnownFileType = image.jpeg; path = 7.jpg; sourceTree = "<group>"; };
		EA37DC202211D7FE000B0974 /* 2.jpg */ = {isa = PBXFileReference; lastKnownFileType = image.jpeg; path = 2.jpg; sourceTree = "<group>"; };
		EA37DC212211D7FE000B0974 /* 6.jpg */ = {isa = PBXFileReference; lastKnownFileType = image.jpeg; path = 6.jpg; sourceTree = "<group>"; };
		EA37DC222211D7FE000B0974 /* 1.jpg */ = {isa = PBXFileReference; lastKnownFileType = image.jpeg; path = 1.jpg; sourceTree = "<group>"; };
		EA37DC232211D7FE000B0974 /* 4.jpg */ = {isa = PBXFileReference; lastKnownFileType = image.jpeg; path = 4.jpg; sourceTree = "<group>"; };
		EA37DC242211D7FE000B0974 /* 5.jpg */ = {isa = PBXFileReference; lastKnownFileType = image.jpeg; path = 5.jpg; sourceTree = "<group>"; };
		EA37DC2E2211F27D000B0974 /* VideoCollectionViewCell.swift */ = {isa = PBXFileReference; fileEncoding = 4; lastKnownFileType = sourcecode.swift; path = VideoCollectionViewCell.swift; sourceTree = "<group>"; };
		EA4DAE0E22211BE200F88CF4 /* heart.png */ = {isa = PBXFileReference; lastKnownFileType = image.png; path = heart.png; sourceTree = "<group>"; };
		EA4DAE10222125B500F88CF4 /* SearchVC.swift */ = {isa = PBXFileReference; lastKnownFileType = sourcecode.swift; path = SearchVC.swift; sourceTree = "<group>"; };
		EA4DAE12222131C700F88CF4 /* HistoryVC.swift */ = {isa = PBXFileReference; lastKnownFileType = sourcecode.swift; path = HistoryVC.swift; sourceTree = "<group>"; };
		EA53004322131EF50076AC2B /* MenuTableViewController.swift */ = {isa = PBXFileReference; lastKnownFileType = sourcecode.swift; path = MenuTableViewController.swift; sourceTree = "<group>"; };
		EA547D3B2222D600006988AD /* thumbup.png */ = {isa = PBXFileReference; lastKnownFileType = image.png; path = thumbup.png; sourceTree = "<group>"; };
		EA547D3D2222D782006988AD /* DownloadedVC.swift */ = {isa = PBXFileReference; lastKnownFileType = sourcecode.swift; path = DownloadedVC.swift; sourceTree = "<group>"; };
		EA547D422222DF6F006988AD /* download.png */ = {isa = PBXFileReference; lastKnownFileType = image.png; path = download.png; sourceTree = "<group>"; };
		EA700EEC221B0775009844AE /* BaseVC.swift */ = {isa = PBXFileReference; lastKnownFileType = sourcecode.swift; path = BaseVC.swift; sourceTree = "<group>"; };
		EA700EEE221B078C009844AE /* LoginVC.swift */ = {isa = PBXFileReference; lastKnownFileType = sourcecode.swift; path = LoginVC.swift; sourceTree = "<group>"; };
		EA700EF0221B1DA6009844AE /* MySideMenuNC.swift */ = {isa = PBXFileReference; lastKnownFileType = sourcecode.swift; path = MySideMenuNC.swift; sourceTree = "<group>"; };
		EA9B77AA220FFC04005BF3BD /* VideoTrainingDemo.app */ = {isa = PBXFileReference; explicitFileType = wrapper.application; includeInIndex = 0; path = VideoTrainingDemo.app; sourceTree = BUILT_PRODUCTS_DIR; };
		EA9B77AD220FFC04005BF3BD /* AppDelegate.swift */ = {isa = PBXFileReference; lastKnownFileType = sourcecode.swift; path = AppDelegate.swift; sourceTree = "<group>"; };
		EA9B77AF220FFC04005BF3BD /* MainVC.swift */ = {isa = PBXFileReference; lastKnownFileType = sourcecode.swift; path = MainVC.swift; sourceTree = "<group>"; };
		EA9B77B2220FFC04005BF3BD /* Base */ = {isa = PBXFileReference; lastKnownFileType = file.storyboard; name = Base; path = Base.lproj/Main.storyboard; sourceTree = "<group>"; };
		EA9B77B5220FFC04005BF3BD /* VideoTrainingDemo.xcdatamodel */ = {isa = PBXFileReference; lastKnownFileType = wrapper.xcdatamodel; path = VideoTrainingDemo.xcdatamodel; sourceTree = "<group>"; };
		EA9B77B7220FFC05005BF3BD /* Assets.xcassets */ = {isa = PBXFileReference; lastKnownFileType = folder.assetcatalog; path = Assets.xcassets; sourceTree = "<group>"; };
		EA9B77BA220FFC05005BF3BD /* Base */ = {isa = PBXFileReference; lastKnownFileType = file.storyboard; name = Base; path = Base.lproj/LaunchScreen.storyboard; sourceTree = "<group>"; };
		EA9B77BC220FFC05005BF3BD /* Info.plist */ = {isa = PBXFileReference; lastKnownFileType = text.plist.xml; path = Info.plist; sourceTree = "<group>"; };
		EA9B77C2221000D9005BF3BD /* FSPagerView.framework */ = {isa = PBXFileReference; explicitFileType = wrapper.framework; path = FSPagerView.framework; sourceTree = BUILT_PRODUCTS_DIR; };
		EA9B77E322108E5F005BF3BD /* play.png */ = {isa = PBXFileReference; lastKnownFileType = image.png; path = play.png; sourceTree = "<group>"; };
		EA9B77E522109968005BF3BD /* VideoVC.swift */ = {isa = PBXFileReference; lastKnownFileType = sourcecode.swift; path = VideoVC.swift; sourceTree = "<group>"; };
/* End PBXFileReference section */

/* Begin PBXFrameworksBuildPhase section */
		EA9B77A7220FFC04005BF3BD /* Frameworks */ = {
			isa = PBXFrameworksBuildPhase;
			buildActionMask = 2147483647;
			files = (
				D47165FA3B1B00C07F0B1025 /* Pods_VideoTrainingDemo.framework in Frameworks */,
			);
			runOnlyForDeploymentPostprocessing = 0;
		};
/* End PBXFrameworksBuildPhase section */

/* Begin PBXGroup section */
		06A8553C7CE830814CCC098A /* Pods */ = {
			isa = PBXGroup;
			children = (
				A78265183990A21307C14FB7 /* Pods-VideoTrainingDemo.debug.xcconfig */,
				23FD509389578AB7B6FF39DF /* Pods-VideoTrainingDemo.release.xcconfig */,
			);
			path = Pods;
			sourceTree = "<group>";
		};
		D5C719464836599D225705B8 /* Frameworks */ = {
			isa = PBXGroup;
			children = (
				EA9B77C2221000D9005BF3BD /* FSPagerView.framework */,
				5E6B8B61F5DCE1B45B153085 /* Pods_VideoTrainingDemo.framework */,
			);
			name = Frameworks;
			sourceTree = "<group>";
		};
		EA9B77A1220FFC04005BF3BD = {
			isa = PBXGroup;
			children = (
				EA9B77AC220FFC04005BF3BD /* VideoTrainingDemo */,
				EA9B77AB220FFC04005BF3BD /* Products */,
				06A8553C7CE830814CCC098A /* Pods */,
				D5C719464836599D225705B8 /* Frameworks */,
			);
			sourceTree = "<group>";
		};
		EA9B77AB220FFC04005BF3BD /* Products */ = {
			isa = PBXGroup;
			children = (
				EA9B77AA220FFC04005BF3BD /* VideoTrainingDemo.app */,
			);
			name = Products;
			sourceTree = "<group>";
		};
		EA9B77AC220FFC04005BF3BD /* VideoTrainingDemo */ = {
			isa = PBXGroup;
			children = (
				EA9B77C5221022CF005BF3BD /* Supporting Files */,
				EA9B77C4221022C6005BF3BD /* Resources */,
				EA9B77AD220FFC04005BF3BD /* AppDelegate.swift */,
				EA700EEC221B0775009844AE /* BaseVC.swift */,
				EA700EEE221B078C009844AE /* LoginVC.swift */,
				EA700EF0221B1DA6009844AE /* MySideMenuNC.swift */,
				EA53004322131EF50076AC2B /* MenuTableViewController.swift */,
				EA9B77AF220FFC04005BF3BD /* MainVC.swift */,
				EA9B77E522109968005BF3BD /* VideoVC.swift */,
				EA37DC2E2211F27D000B0974 /* VideoCollectionViewCell.swift */,
				EA547D3D2222D782006988AD /* DownloadedVC.swift */,
				EA4DAE10222125B500F88CF4 /* SearchVC.swift */,
				EA4DAE12222131C700F88CF4 /* HistoryVC.swift */,
				EA9B77B1220FFC04005BF3BD /* Main.storyboard */,
				EA9B77B9220FFC05005BF3BD /* LaunchScreen.storyboard */,
				EA9B77B7220FFC05005BF3BD /* Assets.xcassets */,
				EA9B77BC220FFC05005BF3BD /* Info.plist */,
				EA9B77B4220FFC04005BF3BD /* VideoTrainingDemo.xcdatamodeld */,
			);
			path = VideoTrainingDemo;
			sourceTree = "<group>";
		};
		EA9B77C4221022C6005BF3BD /* Resources */ = {
			isa = PBXGroup;
			children = (
				EA9B77C6221022E8005BF3BD /* Images */,
			);
			path = Resources;
			sourceTree = "<group>";
		};
		EA9B77C5221022CF005BF3BD /* Supporting Files */ = {
			isa = PBXGroup;
			children = (
			);
			path = "Supporting Files";
			sourceTree = "<group>";
		};
		EA9B77C6221022E8005BF3BD /* Images */ = {
			isa = PBXGroup;
			children = (
				EA547D422222DF6F006988AD /* download.png */,
				EA4DAE0E22211BE200F88CF4 /* heart.png */,
				EA547D3B2222D600006988AD /* thumbup.png */,
				EA9B77E322108E5F005BF3BD /* play.png */,
				EA37DC222211D7FE000B0974 /* 1.jpg */,
				EA37DC202211D7FE000B0974 /* 2.jpg */,
				EA37DC1E2211D7FE000B0974 /* 3.jpg */,
				EA37DC232211D7FE000B0974 /* 4.jpg */,
				EA37DC242211D7FE000B0974 /* 5.jpg */,
				EA37DC212211D7FE000B0974 /* 6.jpg */,
				EA37DC1F2211D7FE000B0974 /* 7.jpg */,
			);
			path = Images;
			sourceTree = "<group>";
		};
/* End PBXGroup section */

/* Begin PBXNativeTarget section */
		EA9B77A9220FFC04005BF3BD /* VideoTrainingDemo */ = {
			isa = PBXNativeTarget;
			buildConfigurationList = EA9B77BF220FFC05005BF3BD /* Build configuration list for PBXNativeTarget "VideoTrainingDemo" */;
			buildPhases = (
				81A6E96330DFB34097987423 /* [CP] Check Pods Manifest.lock */,
				EA9B77A6220FFC04005BF3BD /* Sources */,
				EA9B77A7220FFC04005BF3BD /* Frameworks */,
				EA9B77A8220FFC04005BF3BD /* Resources */,
				B881A210A2EDF6F0058D9C0E /* [CP] Embed Pods Frameworks */,
			);
			buildRules = (
			);
			dependencies = (
			);
			name = VideoTrainingDemo;
			productName = VideoTrainingDemo;
			productReference = EA9B77AA220FFC04005BF3BD /* VideoTrainingDemo.app */;
			productType = "com.apple.product-type.application";
		};
/* End PBXNativeTarget section */

/* Begin PBXProject section */
		EA9B77A2220FFC04005BF3BD /* Project object */ = {
			isa = PBXProject;
			attributes = {
				LastSwiftUpdateCheck = 1010;
				LastUpgradeCheck = 1010;
				ORGANIZATIONNAME = "FEHD EdUHK";
				TargetAttributes = {
					EA9B77A9220FFC04005BF3BD = {
						CreatedOnToolsVersion = 10.1;
					};
				};
			};
			buildConfigurationList = EA9B77A5220FFC04005BF3BD /* Build configuration list for PBXProject "VideoTrainingDemo" */;
			compatibilityVersion = "Xcode 9.3";
			developmentRegion = en;
			hasScannedForEncodings = 0;
			knownRegions = (
				en,
				Base,
			);
			mainGroup = EA9B77A1220FFC04005BF3BD;
			productRefGroup = EA9B77AB220FFC04005BF3BD /* Products */;
			projectDirPath = "";
			projectRoot = "";
			targets = (
				EA9B77A9220FFC04005BF3BD /* VideoTrainingDemo */,
			);
		};
/* End PBXProject section */

/* Begin PBXResourcesBuildPhase section */
		EA9B77A8220FFC04005BF3BD /* Resources */ = {
			isa = PBXResourcesBuildPhase;
			buildActionMask = 2147483647;
			files = (
				EA37DC2B2211D7FE000B0974 /* 5.jpg in Resources */,
				EA37DC252211D7FE000B0974 /* 3.jpg in Resources */,
				EA9B77BB220FFC05005BF3BD /* LaunchScreen.storyboard in Resources */,
				EA37DC282211D7FE000B0974 /* 6.jpg in Resources */,
				EA4DAE0F22211BE200F88CF4 /* heart.png in Resources */,
				EA547D432222DF6F006988AD /* download.png in Resources */,
				EA37DC272211D7FE000B0974 /* 2.jpg in Resources */,
				EA9B77B8220FFC05005BF3BD /* Assets.xcassets in Resources */,
				EA547D3C2222D600006988AD /* thumbup.png in Resources */,
				EA37DC262211D7FE000B0974 /* 7.jpg in Resources */,
				EA37DC292211D7FE000B0974 /* 1.jpg in Resources */,
				EA9B77E422108E5F005BF3BD /* play.png in Resources */,
				EA37DC2A2211D7FE000B0974 /* 4.jpg in Resources */,
				EA9B77B3220FFC04005BF3BD /* Main.storyboard in Resources */,
			);
			runOnlyForDeploymentPostprocessing = 0;
		};
/* End PBXResourcesBuildPhase section */

/* Begin PBXShellScriptBuildPhase section */
		81A6E96330DFB34097987423 /* [CP] Check Pods Manifest.lock */ = {
			isa = PBXShellScriptBuildPhase;
			buildActionMask = 2147483647;
			files = (
			);
			inputFileListPaths = (
			);
			inputPaths = (
				"${PODS_PODFILE_DIR_PATH}/Podfile.lock",
				"${PODS_ROOT}/Manifest.lock",
			);
			name = "[CP] Check Pods Manifest.lock";
			outputFileListPaths = (
			);
			outputPaths = (
				"$(DERIVED_FILE_DIR)/Pods-VideoTrainingDemo-checkManifestLockResult.txt",
			);
			runOnlyForDeploymentPostprocessing = 0;
			shellPath = /bin/sh;
			shellScript = "diff \"${PODS_PODFILE_DIR_PATH}/Podfile.lock\" \"${PODS_ROOT}/Manifest.lock\" > /dev/null\nif [ $? != 0 ] ; then\n    # print error to STDERR\n    echo \"error: The sandbox is not in sync with the Podfile.lock. Run 'pod install' or update your CocoaPods installation.\" >&2\n    exit 1\nfi\n# This output is used by Xcode 'outputs' to avoid re-running this script phase.\necho \"SUCCESS\" > \"${SCRIPT_OUTPUT_FILE_0}\"\n";
			showEnvVarsInLog = 0;
		};
		B881A210A2EDF6F0058D9C0E /* [CP] Embed Pods Frameworks */ = {
			isa = PBXShellScriptBuildPhase;
			buildActionMask = 2147483647;
			files = (
			);
			inputFileListPaths = (
			);
			inputPaths = (
				"${PODS_ROOT}/Target Support Files/Pods-VideoTrainingDemo/Pods-VideoTrainingDemo-frameworks.sh",
				"${BUILT_PRODUCTS_DIR}/FSPagerView/FSPagerView.framework",
				"${BUILT_PRODUCTS_DIR}/SideMenu/SideMenu.framework",
			);
			name = "[CP] Embed Pods Frameworks";
			outputFileListPaths = (
			);
			outputPaths = (
				"${TARGET_BUILD_DIR}/${FRAMEWORKS_FOLDER_PATH}/FSPagerView.framework",
				"${TARGET_BUILD_DIR}/${FRAMEWORKS_FOLDER_PATH}/SideMenu.framework",
			);
			runOnlyForDeploymentPostprocessing = 0;
			shellPath = /bin/sh;
			shellScript = "\"${PODS_ROOT}/Target Support Files/Pods-VideoTrainingDemo/Pods-VideoTrainingDemo-frameworks.sh\"\n";
			showEnvVarsInLog = 0;
		};
/* End PBXShellScriptBuildPhase section */

/* Begin PBXSourcesBuildPhase section */
		EA9B77A6220FFC04005BF3BD /* Sources */ = {
			isa = PBXSourcesBuildPhase;
			buildActionMask = 2147483647;
			files = (
				EA37DC2F2211F27E000B0974 /* VideoCollectionViewCell.swift in Sources */,
				EA53004422131EF50076AC2B /* MenuTableViewController.swift in Sources */,
				EA700EEF221B078C009844AE /* LoginVC.swift in Sources */,
				EA4DAE11222125B500F88CF4 /* SearchVC.swift in Sources */,
				EA547D3E2222D782006988AD /* DownloadedVC.swift in Sources */,
				EA9B77E622109968005BF3BD /* VideoVC.swift in Sources */,
				EA9B77B6220FFC04005BF3BD /* VideoTrainingDemo.xcdatamodeld in Sources */,
				EA9B77B0220FFC04005BF3BD /* MainVC.swift in Sources */,
				EA700EED221B0775009844AE /* BaseVC.swift in Sources */,
				EA4DAE13222131C700F88CF4 /* HistoryVC.swift in Sources */,
				EA9B77AE220FFC04005BF3BD /* AppDelegate.swift in Sources */,
				EA700EF1221B1DA6009844AE /* MySideMenuNC.swift in Sources */,
			);
			runOnlyForDeploymentPostprocessing = 0;
		};
/* End PBXSourcesBuildPhase section */

/* Begin PBXVariantGroup section */
		EA9B77B1220FFC04005BF3BD /* Main.storyboard */ = {
			isa = PBXVariantGroup;
			children = (
				EA9B77B2220FFC04005BF3BD /* Base */,
			);
			name = Main.storyboard;
			sourceTree = "<group>";
		};
		EA9B77B9220FFC05005BF3BD /* LaunchScreen.storyboard */ = {
			isa = PBXVariantGroup;
			children = (
				EA9B77BA220FFC05005BF3BD /* Base */,
			);
			name = LaunchScreen.storyboard;
			sourceTree = "<group>";
		};
/* End PBXVariantGroup section */

/* Begin XCBuildConfiguration section */
		EA9B77BD220FFC05005BF3BD /* Debug */ = {
			isa = XCBuildConfiguration;
			buildSettings = {
				ALWAYS_SEARCH_USER_PATHS = NO;
				CLANG_ANALYZER_NONNULL = YES;
				CLANG_ANALYZER_NUMBER_OBJECT_CONVERSION = YES_AGGRESSIVE;
				CLANG_CXX_LANGUAGE_STANDARD = "gnu++14";
				CLANG_CXX_LIBRARY = "libc++";
				CLANG_ENABLE_MODULES = YES;
				CLANG_ENABLE_OBJC_ARC = YES;
				CLANG_ENABLE_OBJC_WEAK = YES;
				CLANG_WARN_BLOCK_CAPTURE_AUTORELEASING = YES;
				CLANG_WARN_BOOL_CONVERSION = YES;
				CLANG_WARN_COMMA = YES;
				CLANG_WARN_CONSTANT_CONVERSION = YES;
				CLANG_WARN_DEPRECATED_OBJC_IMPLEMENTATIONS = YES;
				CLANG_WARN_DIRECT_OBJC_ISA_USAGE = YES_ERROR;
				CLANG_WARN_DOCUMENTATION_COMMENTS = YES;
				CLANG_WARN_EMPTY_BODY = YES;
				CLANG_WARN_ENUM_CONVERSION = YES;
				CLANG_WARN_INFINITE_RECURSION = YES;
				CLANG_WARN_INT_CONVERSION = YES;
				CLANG_WARN_NON_LITERAL_NULL_CONVERSION = YES;
				CLANG_WARN_OBJC_IMPLICIT_RETAIN_SELF = YES;
				CLANG_WARN_OBJC_LITERAL_CONVERSION = YES;
				CLANG_WARN_OBJC_ROOT_CLASS = YES_ERROR;
				CLANG_WARN_RANGE_LOOP_ANALYSIS = YES;
				CLANG_WARN_STRICT_PROTOTYPES = YES;
				CLANG_WARN_SUSPICIOUS_MOVE = YES;
				CLANG_WARN_UNGUARDED_AVAILABILITY = YES_AGGRESSIVE;
				CLANG_WARN_UNREACHABLE_CODE = YES;
				CLANG_WARN__DUPLICATE_METHOD_MATCH = YES;
				CODE_SIGN_IDENTITY = "iPhone Developer";
				COPY_PHASE_STRIP = NO;
				DEBUG_INFORMATION_FORMAT = dwarf;
				ENABLE_STRICT_OBJC_MSGSEND = YES;
				ENABLE_TESTABILITY = YES;
				GCC_C_LANGUAGE_STANDARD = gnu11;
				GCC_DYNAMIC_NO_PIC = NO;
				GCC_NO_COMMON_BLOCKS = YES;
				GCC_OPTIMIZATION_LEVEL = 0;
				GCC_PREPROCESSOR_DEFINITIONS = (
					"DEBUG=1",
					"$(inherited)",
				);
				GCC_WARN_64_TO_32_BIT_CONVERSION = YES;
				GCC_WARN_ABOUT_RETURN_TYPE = YES_ERROR;
				GCC_WARN_UNDECLARED_SELECTOR = YES;
				GCC_WARN_UNINITIALIZED_AUTOS = YES_AGGRESSIVE;
				GCC_WARN_UNUSED_FUNCTION = YES;
				GCC_WARN_UNUSED_VARIABLE = YES;
				IPHONEOS_DEPLOYMENT_TARGET = 12.0;
				MTL_ENABLE_DEBUG_INFO = INCLUDE_SOURCE;
				MTL_FAST_MATH = YES;
				ONLY_ACTIVE_ARCH = YES;
				SDKROOT = iphoneos;
				SWIFT_ACTIVE_COMPILATION_CONDITIONS = DEBUG;
				SWIFT_OPTIMIZATION_LEVEL = "-Onone";
			};
			name = Debug;
		};
		EA9B77BE220FFC05005BF3BD /* Release */ = {
			isa = XCBuildConfiguration;
			buildSettings = {
				ALWAYS_SEARCH_USER_PATHS = NO;
				CLANG_ANALYZER_NONNULL = YES;
				CLANG_ANALYZER_NUMBER_OBJECT_CONVERSION = YES_AGGRESSIVE;
				CLANG_CXX_LANGUAGE_STANDARD = "gnu++14";
				CLANG_CXX_LIBRARY = "libc++";
				CLANG_ENABLE_MODULES = YES;
				CLANG_ENABLE_OBJC_ARC = YES;
				CLANG_ENABLE_OBJC_WEAK = YES;
				CLANG_WARN_BLOCK_CAPTURE_AUTORELEASING = YES;
				CLANG_WARN_BOOL_CONVERSION = YES;
				CLANG_WARN_COMMA = YES;
				CLANG_WARN_CONSTANT_CONVERSION = YES;
				CLANG_WARN_DEPRECATED_OBJC_IMPLEMENTATIONS = YES;
				CLANG_WARN_DIRECT_OBJC_ISA_USAGE = YES_ERROR;
				CLANG_WARN_DOCUMENTATION_COMMENTS = YES;
				CLANG_WARN_EMPTY_BODY = YES;
				CLANG_WARN_ENUM_CONVERSION = YES;
				CLANG_WARN_INFINITE_RECURSION = YES;
				CLANG_WARN_INT_CONVERSION = YES;
				CLANG_WARN_NON_LITERAL_NULL_CONVERSION = YES;
				CLANG_WARN_OBJC_IMPLICIT_RETAIN_SELF = YES;
				CLANG_WARN_OBJC_LITERAL_CONVERSION = YES;
				CLANG_WARN_OBJC_ROOT_CLASS = YES_ERROR;
				CLANG_WARN_RANGE_LOOP_ANALYSIS = YES;
				CLANG_WARN_STRICT_PROTOTYPES = YES;
				CLANG_WARN_SUSPICIOUS_MOVE = YES;
				CLANG_WARN_UNGUARDED_AVAILABILITY = YES_AGGRESSIVE;
				CLANG_WARN_UNREACHABLE_CODE = YES;
				CLANG_WARN__DUPLICATE_METHOD_MATCH = YES;
				CODE_SIGN_IDENTITY = "iPhone Developer";
				COPY_PHASE_STRIP = NO;
				DEBUG_INFORMATION_FORMAT = "dwarf-with-dsym";
				ENABLE_NS_ASSERTIONS = NO;
				ENABLE_STRICT_OBJC_MSGSEND = YES;
				GCC_C_LANGUAGE_STANDARD = gnu11;
				GCC_NO_COMMON_BLOCKS = YES;
				GCC_WARN_64_TO_32_BIT_CONVERSION = YES;
				GCC_WARN_ABOUT_RETURN_TYPE = YES_ERROR;
				GCC_WARN_UNDECLARED_SELECTOR = YES;
				GCC_WARN_UNINITIALIZED_AUTOS = YES_AGGRESSIVE;
				GCC_WARN_UNUSED_FUNCTION = YES;
				GCC_WARN_UNUSED_VARIABLE = YES;
				IPHONEOS_DEPLOYMENT_TARGET = 12.0;
				MTL_ENABLE_DEBUG_INFO = NO;
				MTL_FAST_MATH = YES;
				SDKROOT = iphoneos;
				SWIFT_COMPILATION_MODE = wholemodule;
				SWIFT_OPTIMIZATION_LEVEL = "-O";
				VALIDATE_PRODUCT = YES;
			};
			name = Release;
		};
		EA9B77C0220FFC05005BF3BD /* Debug */ = {
			isa = XCBuildConfiguration;
			baseConfigurationReference = A78265183990A21307C14FB7 /* Pods-VideoTrainingDemo.debug.xcconfig */;
			buildSettings = {
				ASSETCATALOG_COMPILER_APPICON_NAME = AppIcon;
				CODE_SIGN_STYLE = Automatic;
				DEVELOPMENT_TEAM = XC93Z57WW3;
				INFOPLIST_FILE = VideoTrainingDemo/Info.plist;
				LD_RUNPATH_SEARCH_PATHS = (
					"$(inherited)",
					"@executable_path/Frameworks",
				);
				PRODUCT_BUNDLE_IDENTIFIER = hk.eduhk.fehd.Learning24;
				PRODUCT_NAME = "$(TARGET_NAME)";
				SWIFT_VERSION = 4.2;
				TARGETED_DEVICE_FAMILY = "1,2";
			};
			name = Debug;
		};
		EA9B77C1220FFC05005BF3BD /* Release */ = {
			isa = XCBuildConfiguration;
			baseConfigurationReference = 23FD509389578AB7B6FF39DF /* Pods-VideoTrainingDemo.release.xcconfig */;
			buildSettings = {
				ASSETCATALOG_COMPILER_APPICON_NAME = AppIcon;
				CODE_SIGN_STYLE = Automatic;
				DEVELOPMENT_TEAM = XC93Z57WW3;
				INFOPLIST_FILE = VideoTrainingDemo/Info.plist;
				LD_RUNPATH_SEARCH_PATHS = (
					"$(inherited)",
					"@executable_path/Frameworks",
				);
				PRODUCT_BUNDLE_IDENTIFIER = hk.eduhk.fehd.Learning24;
				PRODUCT_NAME = "$(TARGET_NAME)";
				SWIFT_VERSION = 4.2;
				TARGETED_DEVICE_FAMILY = "1,2";
			};
			name = Release;
		};
/* End XCBuildConfiguration section */

/* Begin XCConfigurationList section */
		EA9B77A5220FFC04005BF3BD /* Build configuration list for PBXProject "VideoTrainingDemo" */ = {
			isa = XCConfigurationList;
			buildConfigurations = (
				EA9B77BD220FFC05005BF3BD /* Debug */,
				EA9B77BE220FFC05005BF3BD /* Release */,
			);
			defaultConfigurationIsVisible = 0;
			defaultConfigurationName = Release;
		};
		EA9B77BF220FFC05005BF3BD /* Build configuration list for PBXNativeTarget "VideoTrainingDemo" */ = {
			isa = XCConfigurationList;
			buildConfigurations = (
				EA9B77C0220FFC05005BF3BD /* Debug */,
				EA9B77C1220FFC05005BF3BD /* Release */,
			);
			defaultConfigurationIsVisible = 0;
			defaultConfigurationName = Release;
		};
/* End XCConfigurationList section */

/* Begin XCVersionGroup section */
		EA9B77B4220FFC04005BF3BD /* VideoTrainingDemo.xcdatamodeld */ = {
			isa = XCVersionGroup;
			children = (
				EA9B77B5220FFC04005BF3BD /* VideoTrainingDemo.xcdatamodel */,
			);
			currentVersion = EA9B77B5220FFC04005BF3BD /* VideoTrainingDemo.xcdatamodel */;
			path = VideoTrainingDemo.xcdatamodeld;
			sourceTree = "<group>";
			versionGroupType = wrapper.xcdatamodel;
		};
/* End XCVersionGroup section */
	};
	rootObject = EA9B77A2220FFC04005BF3BD /* Project object */;
}
